
Microsoft Visual Studio Solution File, Format Version 12.00
# Visual Studio Version 16
VisualStudioVersion = 16.0.32106.194
MinimumVisualStudioVersion = 10.0.40219.1
Project("{FAE04EC0-301F-11D3-BF4B-00C04F79EFBC}") = "AirCrewHelper_Model", "AirCrewHelper_Model\AirCrewHelper_Model.csproj", "{F1027C12-E156-4BB5-80C4-4F0F61372D9A}"
EndProject
Global
	GlobalSection(SolutionConfigurationPlatforms) = preSolution
		Debug|Any CPU = Debug|Any CPU
		Release|Any CPU = Release|Any CPU
	EndGlobalSection
	GlobalSection(ProjectConfigurationPlatforms) = postSolution
		{F1027C12-E156-4BB5-80C4-4F0F61372D9A}.Debug|Any CPU.ActiveCfg = Debug|Any CPU
		{F1027C12-E156-4BB5-80C4-4F0F61372D9A}.Debug|Any CPU.Build.0 = Debug|Any CPU
		{F1027C12-E156-4BB5-80C4-4F0F61372D9A}.Release|Any CPU.ActiveCfg = Release|Any CPU
		{F1027C12-E156-4BB5-80C4-4F0F61372D9A}.Release|Any CPU.Build.0 = Release|Any CPU
	EndGlobalSection
	GlobalSection(SolutionProperties) = preSolution
		HideSolutionNode = FALSE
	EndGlobalSection
	GlobalSection(ExtensibilityGlobals) = postSolution
		SolutionGuid = {0510DC01-8350-4FA5-9098-D28435090288}
	EndGlobalSection
EndGlobal
